
Microsoft Visual Studio Solution File, Format Version 12.00
# Visual Studio 15
VisualStudioVersion = 15.0.27703.2035
MinimumVisualStudioVersion = 10.0.40219.1
Project("{FAE04EC0-301F-11D3-BF4B-00C04F79EFBC}") = "Epam.Task1.Sequence", "Epam.Task1.Sequence\Epam.Task1.Sequence.csproj", "{8E00BB94-7AB6-4C8B-874B-8FA1663CD4D6}"
EndProject
Project("{FAE04EC0-301F-11D3-BF4B-00C04F79EFBC}") = "Epam.Task1.Simple", "Epam.Task1.Simple\Epam.Task1.Simple.csproj", "{F8AD8E8D-1869-49EE-AFD8-F39732DA95C2}"
EndProject
Project("{FAE04EC0-301F-11D3-BF4B-00C04F79EFBC}") = "Epam.Task1.Square", "Epam.Task1.Square\Epam.Task1.Square.csproj", "{C4AF4030-1DBF-4667-B548-BDFC2D759ECE}"
EndProject
Global
	GlobalSection(SolutionConfigurationPlatforms) = preSolution
		Debug|Any CPU = Debug|Any CPU
		Release|Any CPU = Release|Any CPU
	EndGlobalSection
	GlobalSection(ProjectConfigurationPlatforms) = postSolution
		{8E00BB94-7AB6-4C8B-874B-8FA1663CD4D6}.Debug|Any CPU.ActiveCfg = Debug|Any CPU
		{8E00BB94-7AB6-4C8B-874B-8FA1663CD4D6}.Debug|Any CPU.Build.0 = Debug|Any CPU
		{8E00BB94-7AB6-4C8B-874B-8FA1663CD4D6}.Release|Any CPU.ActiveCfg = Release|Any CPU
		{8E00BB94-7AB6-4C8B-874B-8FA1663CD4D6}.Release|Any CPU.Build.0 = Release|Any CPU
		{F8AD8E8D-1869-49EE-AFD8-F39732DA95C2}.Debug|Any CPU.ActiveCfg = Debug|Any CPU
		{F8AD8E8D-1869-49EE-AFD8-F39732DA95C2}.Debug|Any CPU.Build.0 = Debug|Any CPU
		{F8AD8E8D-1869-49EE-AFD8-F39732DA95C2}.Release|Any CPU.ActiveCfg = Release|Any CPU
		{F8AD8E8D-1869-49EE-AFD8-F39732DA95C2}.Release|Any CPU.Build.0 = Release|Any CPU
		{C4AF4030-1DBF-4667-B548-BDFC2D759ECE}.Debug|Any CPU.ActiveCfg = Debug|Any CPU
		{C4AF4030-1DBF-4667-B548-BDFC2D759ECE}.Debug|Any CPU.Build.0 = Debug|Any CPU
		{C4AF4030-1DBF-4667-B548-BDFC2D759ECE}.Release|Any CPU.ActiveCfg = Release|Any CPU
		{C4AF4030-1DBF-4667-B548-BDFC2D759ECE}.Release|Any CPU.Build.0 = Release|Any CPU
	EndGlobalSection
	GlobalSection(SolutionProperties) = preSolution
		HideSolutionNode = FALSE
	EndGlobalSection
	GlobalSection(ExtensibilityGlobals) = postSolution
		SolutionGuid = {CE5AF54F-1CE0-4C2D-8A45-60188450664F}
	EndGlobalSection
EndGlobal
