
Microsoft Visual Studio Solution File, Format Version 12.00
# Visual Studio 15
VisualStudioVersion = 15.0.27703.2035
MinimumVisualStudioVersion = 10.0.40219.1
Project("{FAE04EC0-301F-11D3-BF4B-00C04F79EFBC}") = "Epam.Task6.Backup_System", "Epam.Task6.Backup_System\Epam.Task6.Backup_System.csproj", "{6B74F927-A51B-44E4-B209-BB2652D2665E}"
EndProject
Global
	GlobalSection(SolutionConfigurationPlatforms) = preSolution
		Debug|Any CPU = Debug|Any CPU
		Release|Any CPU = Release|Any CPU
	EndGlobalSection
	GlobalSection(ProjectConfigurationPlatforms) = postSolution
		{6B74F927-A51B-44E4-B209-BB2652D2665E}.Debug|Any CPU.ActiveCfg = Debug|Any CPU
		{6B74F927-A51B-44E4-B209-BB2652D2665E}.Debug|Any CPU.Build.0 = Debug|Any CPU
		{6B74F927-A51B-44E4-B209-BB2652D2665E}.Release|Any CPU.ActiveCfg = Release|Any CPU
		{6B74F927-A51B-44E4-B209-BB2652D2665E}.Release|Any CPU.Build.0 = Release|Any CPU
	EndGlobalSection
	GlobalSection(SolutionProperties) = preSolution
		HideSolutionNode = FALSE
	EndGlobalSection
	GlobalSection(ExtensibilityGlobals) = postSolution
		SolutionGuid = {9E950147-F302-42FD-9FFE-850D3701DD64}
	EndGlobalSection
EndGlobal
