
Microsoft Visual Studio Solution File, Format Version 12.00
# Visual Studio 15
VisualStudioVersion = 15.0.27703.2035
MinimumVisualStudioVersion = 10.0.40219.1
Project("{FAE04EC0-301F-11D3-BF4B-00C04F79EFBC}") = "Epam.Task11.BLL", "Epam.Task7.BLL\Epam.Task11.BLL.csproj", "{72C629B0-27B0-4544-AD9E-4BFBEC34E08A}"
EndProject
Project("{FAE04EC0-301F-11D3-BF4B-00C04F79EFBC}") = "Epam.Task11.Entities", "Epam.Task7.Entities\Epam.Task11.Entities.csproj", "{C5E744A8-9BD3-488A-AE79-DE8364CF1E73}"
EndProject
Project("{2150E333-8FDC-42A3-9474-1A3956D46DE8}") = "BLL", "BLL", "{E668018A-C6BD-422B-B5BA-A142CFBC9582}"
EndProject
Project("{2150E333-8FDC-42A3-9474-1A3956D46DE8}") = "Common", "Common", "{391C66FD-FA32-4EEA-94F8-2095D54A0315}"
EndProject
Project("{2150E333-8FDC-42A3-9474-1A3956D46DE8}") = "DAL", "DAL", "{B1B6A033-88A8-4D18-A300-572C47BC673A}"
EndProject
Project("{FAE04EC0-301F-11D3-BF4B-00C04F79EFBC}") = "Epam.Task11.DAL", "Epam.Task7.DAL\Epam.Task11.DAL.csproj", "{4AF13933-1517-4EFF-8433-3220F1F60BFA}"
EndProject
Project("{2150E333-8FDC-42A3-9474-1A3956D46DE8}") = "PL", "PL", "{9EE8A34B-48C7-4C24-858A-B582DBE9E254}"
EndProject
Project("{FAE04EC0-301F-11D3-BF4B-00C04F79EFBC}") = "Epam.Task11.PL", "Epam.Task7.PL\Epam.Task11.PL.csproj", "{28DFC703-1CCF-40CC-94EB-F09B70C6DA84}"
EndProject
Project("{FAE04EC0-301F-11D3-BF4B-00C04F79EFBC}") = "Epam.Task11.BLL.Interface", "Epam.Task7.BLL.Interface\Epam.Task11.BLL.Interface.csproj", "{B8F14919-A8F1-46E6-B464-848F1AA29844}"
EndProject
Project("{FAE04EC0-301F-11D3-BF4B-00C04F79EFBC}") = "Epam.Task11.DAL.Interface", "Epam.Task7.DAL.Interface\Epam.Task11.DAL.Interface.csproj", "{9CAB85E5-806C-4686-977F-7CDD83A7F832}"
EndProject
Project("{FAE04EC0-301F-11D3-BF4B-00C04F79EFBC}") = "Epam.Task11.Common", "Epam.Task7.Common\Epam.Task11.Common.csproj", "{1E18A6AE-EB42-432D-84A8-1623497C45C4}"
EndProject
Project("{FAE04EC0-301F-11D3-BF4B-00C04F79EFBC}") = "Epam.Task11.WebPages", "Epam.Task11.WebPages\Epam.Task11.WebPages.csproj", "{78F8D9EB-5F11-4067-91BF-8BA2D7D8B2D9}"
EndProject
Global
	GlobalSection(SolutionConfigurationPlatforms) = preSolution
		Debug|Any CPU = Debug|Any CPU
		Release|Any CPU = Release|Any CPU
	EndGlobalSection
	GlobalSection(ProjectConfigurationPlatforms) = postSolution
		{72C629B0-27B0-4544-AD9E-4BFBEC34E08A}.Debug|Any CPU.ActiveCfg = Debug|Any CPU
		{72C629B0-27B0-4544-AD9E-4BFBEC34E08A}.Debug|Any CPU.Build.0 = Debug|Any CPU
		{72C629B0-27B0-4544-AD9E-4BFBEC34E08A}.Release|Any CPU.ActiveCfg = Release|Any CPU
		{72C629B0-27B0-4544-AD9E-4BFBEC34E08A}.Release|Any CPU.Build.0 = Release|Any CPU
		{C5E744A8-9BD3-488A-AE79-DE8364CF1E73}.Debug|Any CPU.ActiveCfg = Debug|Any CPU
		{C5E744A8-9BD3-488A-AE79-DE8364CF1E73}.Debug|Any CPU.Build.0 = Debug|Any CPU
		{C5E744A8-9BD3-488A-AE79-DE8364CF1E73}.Release|Any CPU.ActiveCfg = Release|Any CPU
		{C5E744A8-9BD3-488A-AE79-DE8364CF1E73}.Release|Any CPU.Build.0 = Release|Any CPU
		{4AF13933-1517-4EFF-8433-3220F1F60BFA}.Debug|Any CPU.ActiveCfg = Debug|Any CPU
		{4AF13933-1517-4EFF-8433-3220F1F60BFA}.Debug|Any CPU.Build.0 = Debug|Any CPU
		{4AF13933-1517-4EFF-8433-3220F1F60BFA}.Release|Any CPU.ActiveCfg = Release|Any CPU
		{4AF13933-1517-4EFF-8433-3220F1F60BFA}.Release|Any CPU.Build.0 = Release|Any CPU
		{28DFC703-1CCF-40CC-94EB-F09B70C6DA84}.Debug|Any CPU.ActiveCfg = Debug|Any CPU
		{28DFC703-1CCF-40CC-94EB-F09B70C6DA84}.Debug|Any CPU.Build.0 = Debug|Any CPU
		{28DFC703-1CCF-40CC-94EB-F09B70C6DA84}.Release|Any CPU.ActiveCfg = Release|Any CPU
		{28DFC703-1CCF-40CC-94EB-F09B70C6DA84}.Release|Any CPU.Build.0 = Release|Any CPU
		{B8F14919-A8F1-46E6-B464-848F1AA29844}.Debug|Any CPU.ActiveCfg = Debug|Any CPU
		{B8F14919-A8F1-46E6-B464-848F1AA29844}.Debug|Any CPU.Build.0 = Debug|Any CPU
		{B8F14919-A8F1-46E6-B464-848F1AA29844}.Release|Any CPU.ActiveCfg = Release|Any CPU
		{B8F14919-A8F1-46E6-B464-848F1AA29844}.Release|Any CPU.Build.0 = Release|Any CPU
		{9CAB85E5-806C-4686-977F-7CDD83A7F832}.Debug|Any CPU.ActiveCfg = Debug|Any CPU
		{9CAB85E5-806C-4686-977F-7CDD83A7F832}.Debug|Any CPU.Build.0 = Debug|Any CPU
		{9CAB85E5-806C-4686-977F-7CDD83A7F832}.Release|Any CPU.ActiveCfg = Release|Any CPU
		{9CAB85E5-806C-4686-977F-7CDD83A7F832}.Release|Any CPU.Build.0 = Release|Any CPU
		{1E18A6AE-EB42-432D-84A8-1623497C45C4}.Debug|Any CPU.ActiveCfg = Debug|Any CPU
		{1E18A6AE-EB42-432D-84A8-1623497C45C4}.Debug|Any CPU.Build.0 = Debug|Any CPU
		{1E18A6AE-EB42-432D-84A8-1623497C45C4}.Release|Any CPU.ActiveCfg = Release|Any CPU
		{1E18A6AE-EB42-432D-84A8-1623497C45C4}.Release|Any CPU.Build.0 = Release|Any CPU
		{78F8D9EB-5F11-4067-91BF-8BA2D7D8B2D9}.Debug|Any CPU.ActiveCfg = Debug|Any CPU
		{78F8D9EB-5F11-4067-91BF-8BA2D7D8B2D9}.Debug|Any CPU.Build.0 = Debug|Any CPU
		{78F8D9EB-5F11-4067-91BF-8BA2D7D8B2D9}.Release|Any CPU.ActiveCfg = Release|Any CPU
		{78F8D9EB-5F11-4067-91BF-8BA2D7D8B2D9}.Release|Any CPU.Build.0 = Release|Any CPU
	EndGlobalSection
	GlobalSection(SolutionProperties) = preSolution
		HideSolutionNode = FALSE
	EndGlobalSection
	GlobalSection(NestedProjects) = preSolution
		{72C629B0-27B0-4544-AD9E-4BFBEC34E08A} = {E668018A-C6BD-422B-B5BA-A142CFBC9582}
		{C5E744A8-9BD3-488A-AE79-DE8364CF1E73} = {391C66FD-FA32-4EEA-94F8-2095D54A0315}
		{4AF13933-1517-4EFF-8433-3220F1F60BFA} = {B1B6A033-88A8-4D18-A300-572C47BC673A}
		{28DFC703-1CCF-40CC-94EB-F09B70C6DA84} = {9EE8A34B-48C7-4C24-858A-B582DBE9E254}
		{B8F14919-A8F1-46E6-B464-848F1AA29844} = {E668018A-C6BD-422B-B5BA-A142CFBC9582}
		{9CAB85E5-806C-4686-977F-7CDD83A7F832} = {B1B6A033-88A8-4D18-A300-572C47BC673A}
		{1E18A6AE-EB42-432D-84A8-1623497C45C4} = {391C66FD-FA32-4EEA-94F8-2095D54A0315}
		{78F8D9EB-5F11-4067-91BF-8BA2D7D8B2D9} = {9EE8A34B-48C7-4C24-858A-B582DBE9E254}
	EndGlobalSection
	GlobalSection(ExtensibilityGlobals) = postSolution
		SolutionGuid = {B7F87903-7B0C-4E6D-91CB-AE6B5AB43D8B}
	EndGlobalSection
EndGlobal
