
Microsoft Visual Studio Solution File, Format Version 12.00
# Visual Studio 15
VisualStudioVersion = 15.0.27703.2035
MinimumVisualStudioVersion = 10.0.40219.1
Project("{FAE04EC0-301F-11D3-BF4B-00C04F79EFBC}") = "Epam.Task4.Lost", "Epam.Task4.Lost\Epam.Task4.Lost.csproj", "{54ADF244-61E7-401E-A714-81DA08E525B1}"
EndProject
Project("{FAE04EC0-301F-11D3-BF4B-00C04F79EFBC}") = "Epam.Task4.Word_Frequency", "Epam.Task4.Word_Frequency\Epam.Task4.Word_Frequency.csproj", "{9E4E4EDC-D2B1-4591-BC10-1352F25244AB}"
EndProject
Project("{FAE04EC0-301F-11D3-BF4B-00C04F79EFBC}") = "Epam.Task4.Dynamic_Array", "Epam.Task4.Dynamic_Array\Epam.Task4.Dynamic_Array.csproj", "{8113F334-1A39-420B-AF60-2E9D88AB5336}"
EndProject
Global
	GlobalSection(SolutionConfigurationPlatforms) = preSolution
		Debug|Any CPU = Debug|Any CPU
		Release|Any CPU = Release|Any CPU
	EndGlobalSection
	GlobalSection(ProjectConfigurationPlatforms) = postSolution
		{54ADF244-61E7-401E-A714-81DA08E525B1}.Debug|Any CPU.ActiveCfg = Debug|Any CPU
		{54ADF244-61E7-401E-A714-81DA08E525B1}.Debug|Any CPU.Build.0 = Debug|Any CPU
		{54ADF244-61E7-401E-A714-81DA08E525B1}.Release|Any CPU.ActiveCfg = Release|Any CPU
		{54ADF244-61E7-401E-A714-81DA08E525B1}.Release|Any CPU.Build.0 = Release|Any CPU
		{9E4E4EDC-D2B1-4591-BC10-1352F25244AB}.Debug|Any CPU.ActiveCfg = Debug|Any CPU
		{9E4E4EDC-D2B1-4591-BC10-1352F25244AB}.Debug|Any CPU.Build.0 = Debug|Any CPU
		{9E4E4EDC-D2B1-4591-BC10-1352F25244AB}.Release|Any CPU.ActiveCfg = Release|Any CPU
		{9E4E4EDC-D2B1-4591-BC10-1352F25244AB}.Release|Any CPU.Build.0 = Release|Any CPU
		{8113F334-1A39-420B-AF60-2E9D88AB5336}.Debug|Any CPU.ActiveCfg = Debug|Any CPU
		{8113F334-1A39-420B-AF60-2E9D88AB5336}.Debug|Any CPU.Build.0 = Debug|Any CPU
		{8113F334-1A39-420B-AF60-2E9D88AB5336}.Release|Any CPU.ActiveCfg = Release|Any CPU
		{8113F334-1A39-420B-AF60-2E9D88AB5336}.Release|Any CPU.Build.0 = Release|Any CPU
	EndGlobalSection
	GlobalSection(SolutionProperties) = preSolution
		HideSolutionNode = FALSE
	EndGlobalSection
	GlobalSection(ExtensibilityGlobals) = postSolution
		SolutionGuid = {303BFAD8-736B-4746-987E-86D02ADA00E2}
	EndGlobalSection
EndGlobal
